
Microsoft Visual Studio Solution File, Format Version 12.00
# Visual Studio 2012
Project("{FAE04EC0-301F-11D3-BF4B-00C04F79EFBC}") = "CurlyWeb.ServiceStackCacheExtensions", "CurlyWeb.ServiceStackCacheExtensions\CurlyWeb.ServiceStackCacheExtensions.csproj", "{FE7EF818-6ECC-4330-9E35-BF2B2104E8EA}"
EndProject
Project("{FAE04EC0-301F-11D3-BF4B-00C04F79EFBC}") = "CurlyWeb.SSCE.Tests", "CurlyWeb.SSCE.Tests\CurlyWeb.SSCE.Tests.csproj", "{B490AA9C-4C99-43F3-8DA8-3620F4760F45}"
EndProject
Project("{2150E333-8FDC-42A3-9474-1A3956D46DE8}") = ".nuget", ".nuget", "{EDDBA584-E85F-4BC7-91D1-64C551985239}"
	ProjectSection(SolutionItems) = preProject
		.nuget\NuGet.Config = .nuget\NuGet.Config
		.nuget\NuGet.exe = .nuget\NuGet.exe
		.nuget\NuGet.targets = .nuget\NuGet.targets
	EndProjectSection
EndProject
Global
	GlobalSection(SolutionConfigurationPlatforms) = preSolution
		Debug|Any CPU = Debug|Any CPU
		Release|Any CPU = Release|Any CPU
	EndGlobalSection
	GlobalSection(ProjectConfigurationPlatforms) = postSolution
		{FE7EF818-6ECC-4330-9E35-BF2B2104E8EA}.Debug|Any CPU.ActiveCfg = Debug|Any CPU
		{FE7EF818-6ECC-4330-9E35-BF2B2104E8EA}.Debug|Any CPU.Build.0 = Debug|Any CPU
		{FE7EF818-6ECC-4330-9E35-BF2B2104E8EA}.Release|Any CPU.ActiveCfg = Release|Any CPU
		{FE7EF818-6ECC-4330-9E35-BF2B2104E8EA}.Release|Any CPU.Build.0 = Release|Any CPU
		{B490AA9C-4C99-43F3-8DA8-3620F4760F45}.Debug|Any CPU.ActiveCfg = Debug|Any CPU
		{B490AA9C-4C99-43F3-8DA8-3620F4760F45}.Debug|Any CPU.Build.0 = Debug|Any CPU
		{B490AA9C-4C99-43F3-8DA8-3620F4760F45}.Release|Any CPU.ActiveCfg = Release|Any CPU
		{B490AA9C-4C99-43F3-8DA8-3620F4760F45}.Release|Any CPU.Build.0 = Release|Any CPU
	EndGlobalSection
	GlobalSection(SolutionProperties) = preSolution
		HideSolutionNode = FALSE
	EndGlobalSection
EndGlobal
